
Microsoft Visual Studio Solution File, Format Version 12.00
# Visual Studio Version 17
VisualStudioVersion = 17.13.35818.85 d17.13
MinimumVisualStudioVersion = 10.0.40219.1
Project("{FAE04EC0-301F-11D3-BF4B-00C04F79EFBC}") = "WebAPI8", "WebAPI8\WebAPI8.csproj", "{6F15A6A4-C0DF-450F-B7EB-000E190BA4C9}"
EndProject
Global
	GlobalSection(SolutionConfigurationPlatforms) = preSolution
		Debug|Any CPU = Debug|Any CPU
		Release|Any CPU = Release|Any CPU
	EndGlobalSection
	GlobalSection(ProjectConfigurationPlatforms) = postSolution
		{6F15A6A4-C0DF-450F-B7EB-000E190BA4C9}.Debug|Any CPU.ActiveCfg = Debug|Any CPU
		{6F15A6A4-C0DF-450F-B7EB-000E190BA4C9}.Debug|Any CPU.Build.0 = Debug|Any CPU
		{6F15A6A4-C0DF-450F-B7EB-000E190BA4C9}.Release|Any CPU.ActiveCfg = Release|Any CPU
		{6F15A6A4-C0DF-450F-B7EB-000E190BA4C9}.Release|Any CPU.Build.0 = Release|Any CPU
	EndGlobalSection
	GlobalSection(SolutionProperties) = preSolution
		HideSolutionNode = FALSE
	EndGlobalSection
	GlobalSection(ExtensibilityGlobals) = postSolution
		SolutionGuid = {2F53A2F5-A7CF-4984-B3E2-FEBA50A3323F}
	EndGlobalSection
EndGlobal
